{
  "object": {
    "pins": [
      {
        "package": "Eklogs",
        "repositoryURL": "https://github.com/bibekdari/eklogstest",
        "state": {
          "branch": "main",
          "revision": "603e79d5b7dbf484cd65b1ae881a59f0291defdc",
          "version": null
        }
      }
    ]
  },
  "version": 1
}
