{
  "object": {
    "pins": [
      {
        "package": "Eklogs",
        "repositoryURL": "https://github.com/bibekdari/eklogstest",
        "state": {
          "branch": "main",
          "revision": "4add3d2f8f95c062a47c43219161dab81bfd699c",
          "version": null
        }
      }
    ]
  },
  "version": 1
}
