{
  "object": {
    "pins": [
      {
        "package": "Eklogs",
        "repositoryURL": "https://github.com/bibekdari/eklogstest",
        "state": {
          "branch": "main",
          "revision": "12758b9c58bd5fa522d74f1ac9f4ce2da3753010",
          "version": null
        }
      }
    ]
  },
  "version": 1
}
